# This file is automatically @generated by Cargo.
# It is not intended for manual editing.
[[package]]
name = "actix"
version = "0.11.0-beta.2"
source = "registry+https://github.com/rust-lang/crates.io-index"
checksum = "8eb78f9871feb3519e06b947c2becbf2cc7f67ce786e510e6bd3f9a27da3dbf1"
dependencies = [
 "actix-rt",
 "actix_derive 0.6.0-beta.1",
 "bitflags",
 "bytes",
 "crossbeam-channel",
 "futures-core",
 "futures-sink",
 "futures-task",
 "log",
 "once_cell",
 "parking_lot",
 "pin-project-lite",
 "smallvec",
 "tokio",
 "tokio-util",
]

[[package]]
name = "actix-macros"
version = "0.2.0"
source = "registry+https://github.com/rust-lang/crates.io-index"
checksum = "dbcb2b608f0accc2f5bcf3dd872194ce13d94ee45b571487035864cf966b04ef"
dependencies = [
 "quote",
 "syn",
]

[[package]]
name = "actix-rt"
version = "2.0.2"
source = "registry+https://github.com/rust-lang/crates.io-index"
checksum = "c88cf46527e27f66efcd5831f60b3d9c2dac795b6d255ed17791752d6c36a8ea"
dependencies = [
 "actix-macros",
 "futures-core",
 "tokio",
]

[[package]]
name = "actix_derive"
version = "0.5.0"
source = "registry+https://github.com/rust-lang/crates.io-index"
checksum = "b95aceadaf327f18f0df5962fedc1bde2f870566a0b9f65c89508a3b1f79334c"
dependencies = [
 "proc-macro2",
 "quote",
 "syn",
]

[[package]]
name = "actix_derive"
version = "0.6.0-beta.1"
source = "registry+https://github.com/rust-lang/crates.io-index"
checksum = "ae749cf2582eb83efd288edd4e9704600fdce1bc4f69aa0c86ca1368a3e4c13f"
dependencies = [
 "proc-macro2",
 "quote",
 "syn",
]

[[package]]
name = "async-stream"
version = "0.3.0"
source = "registry+https://github.com/rust-lang/crates.io-index"
checksum = "3670df70cbc01729f901f94c887814b3c68db038aad1329a418bae178bc5295c"
dependencies = [
 "async-stream-impl",
 "futures-core",
]

[[package]]
name = "async-stream-impl"
version = "0.3.0"
source = "registry+https://github.com/rust-lang/crates.io-index"
checksum = "a3548b8efc9f8e8a5a0a2808c5bd8451a9031b9e5b879a79590304ae928b0a70"
dependencies = [
 "proc-macro2",
 "quote",
 "syn",
]

[[package]]
name = "autocfg"
version = "1.0.1"
source = "registry+https://github.com/rust-lang/crates.io-index"
checksum = "cdb031dd78e28731d87d56cc8ffef4a8f36ca26c38fe2de700543e627f8a464a"

[[package]]
name = "bitflags"
version = "1.2.1"
source = "registry+https://github.com/rust-lang/crates.io-index"
checksum = "cf1de2fe8c75bc145a2f577add951f8134889b4795d47466a54a5c846d691693"

[[package]]
name = "byteorder"
version = "1.4.2"
source = "registry+https://github.com/rust-lang/crates.io-index"
checksum = "ae44d1a3d5a19df61dd0c8beb138458ac2a53a7ac09eba97d55592540004306b"

[[package]]
name = "bytes"
version = "1.0.1"
source = "registry+https://github.com/rust-lang/crates.io-index"
checksum = "b700ce4376041dcd0a327fd0097c41095743c4c8af8887265942faf1100bd040"

[[package]]
name = "cfg-if"
version = "1.0.0"
source = "registry+https://github.com/rust-lang/crates.io-index"
checksum = "baf1de4339761588bc0619e3cbc0120ee582ebb74b53b4efbf79117bd2da40fd"

[[package]]
name = "crossbeam-channel"
version = "0.5.0"
source = "registry+https://github.com/rust-lang/crates.io-index"
checksum = "dca26ee1f8d361640700bde38b2c37d8c22b3ce2d360e1fc1c74ea4b0aa7d775"
dependencies = [
 "cfg-if",
 "crossbeam-utils",
]

[[package]]
name = "crossbeam-utils"
version = "0.8.1"
source = "registry+https://github.com/rust-lang/crates.io-index"
checksum = "02d96d1e189ef58269ebe5b97953da3274d83a93af647c2ddd6f9dab28cedb8d"
dependencies = [
 "autocfg",
 "cfg-if",
 "lazy_static",
]

[[package]]
name = "futures-core"
version = "0.3.12"
source = "registry+https://github.com/rust-lang/crates.io-index"
checksum = "79e5145dde8da7d1b3892dad07a9c98fc04bc39892b1ecc9692cf53e2b780a65"

[[package]]
name = "futures-sink"
version = "0.3.12"
source = "registry+https://github.com/rust-lang/crates.io-index"
checksum = "caf5c69029bda2e743fddd0582d1083951d65cc9539aebf8812f36c3491342d6"

[[package]]
name = "futures-task"
version = "0.3.12"
source = "registry+https://github.com/rust-lang/crates.io-index"
checksum = "13de07eb8ea81ae445aca7b69f5f7bf15d7bf4912d8ca37d6645c77ae8a58d86"

[[package]]
name = "getrandom"
version = "0.2.2"
source = "registry+https://github.com/rust-lang/crates.io-index"
checksum = "c9495705279e7140bf035dde1f6e750c162df8b625267cd52cc44e0b156732c8"
dependencies = [
 "cfg-if",
 "libc",
 "wasi",
]

[[package]]
name = "half"
version = "1.7.1"
source = "registry+https://github.com/rust-lang/crates.io-index"
checksum = "62aca2aba2d62b4a7f5b33f3712cb1b0692779a56fb510499d5c0aa594daeaf3"

[[package]]
name = "instant"
version = "0.1.9"
source = "registry+https://github.com/rust-lang/crates.io-index"
checksum = "61124eeebbd69b8190558df225adf7e4caafce0d743919e5d6b19652314ec5ec"
dependencies = [
 "cfg-if",
]

[[package]]
name = "itoa"
version = "0.4.7"
source = "registry+https://github.com/rust-lang/crates.io-index"
checksum = "dd25036021b0de88a0aff6b850051563c6516d0bf53f8638938edbb9de732736"

[[package]]
name = "lazy_static"
version = "1.4.0"
source = "registry+https://github.com/rust-lang/crates.io-index"
checksum = "e2abad23fbc42b3700f2f279844dc832adb2b2eb069b2df918f455c4e18cc646"

[[package]]
name = "libc"
version = "0.2.86"
source = "registry+https://github.com/rust-lang/crates.io-index"
checksum = "b7282d924be3275cec7f6756ff4121987bc6481325397dde6ba3e7802b1a8b1c"

[[package]]
name = "lock_api"
version = "0.4.2"
source = "registry+https://github.com/rust-lang/crates.io-index"
checksum = "dd96ffd135b2fd7b973ac026d28085defbe8983df057ced3eb4f2130b0831312"
dependencies = [
 "scopeguard",
]

[[package]]
name = "log"
version = "0.4.14"
source = "registry+https://github.com/rust-lang/crates.io-index"
checksum = "51b9bbe6c47d51fc3e1a9b945965946b4c44142ab8792c50835a980d362c2710"
dependencies = [
 "cfg-if",
]

[[package]]
name = "memchr"
version = "2.3.4"
source = "registry+https://github.com/rust-lang/crates.io-index"
checksum = "0ee1c47aaa256ecabcaea351eae4a9b01ef39ed810004e298d2511ed284b1525"

[[package]]
name = "mio"
version = "0.7.7"
source = "registry+https://github.com/rust-lang/crates.io-index"
checksum = "e50ae3f04d169fcc9bde0b547d1c205219b7157e07ded9c5aff03e0637cb3ed7"
dependencies = [
 "libc",
 "log",
 "miow",
 "ntapi",
 "winapi",
]

[[package]]
name = "miow"
version = "0.3.6"
source = "registry+https://github.com/rust-lang/crates.io-index"
checksum = "5a33c1b55807fbed163481b5ba66db4b2fa6cde694a5027be10fb724206c5897"
dependencies = [
 "socket2",
 "winapi",
]

[[package]]
name = "ntapi"
version = "0.3.6"
source = "registry+https://github.com/rust-lang/crates.io-index"
checksum = "3f6bb902e437b6d86e03cce10a7e2af662292c5dfef23b65899ea3ac9354ad44"
dependencies = [
 "winapi",
]

[[package]]
name = "once_cell"
version = "1.5.2"
source = "registry+https://github.com/rust-lang/crates.io-index"
checksum = "13bd41f508810a131401606d54ac32a467c97172d74ba7662562ebba5ad07fa0"

[[package]]
name = "parking_lot"
version = "0.11.1"
source = "registry+https://github.com/rust-lang/crates.io-index"
checksum = "6d7744ac029df22dca6284efe4e898991d28e3085c706c972bcd7da4a27a15eb"
dependencies = [
 "instant",
 "lock_api",
 "parking_lot_core",
]

[[package]]
name = "parking_lot_core"
version = "0.8.2"
source = "registry+https://github.com/rust-lang/crates.io-index"
checksum = "9ccb628cad4f84851442432c60ad8e1f607e29752d0bf072cbd0baf28aa34272"
dependencies = [
 "cfg-if",
 "instant",
 "libc",
 "redox_syscall",
 "smallvec",
 "winapi",
]

[[package]]
name = "pin-project-lite"
version = "0.2.4"
source = "registry+https://github.com/rust-lang/crates.io-index"
checksum = "439697af366c49a6d0a010c56a0d97685bc140ce0d377b13a2ea2aa42d64a827"

[[package]]
name = "ppv-lite86"
version = "0.2.10"
source = "registry+https://github.com/rust-lang/crates.io-index"
checksum = "ac74c624d6b2d21f425f752262f42188365d7b8ff1aff74c82e45136510a4857"

[[package]]
name = "proc-macro2"
version = "1.0.24"
source = "registry+https://github.com/rust-lang/crates.io-index"
checksum = "1e0704ee1a7e00d7bb417d0770ea303c1bccbabf0ef1667dae92b5967f5f8a71"
dependencies = [
 "unicode-xid",
]

[[package]]
name = "quote"
version = "1.0.8"
source = "registry+https://github.com/rust-lang/crates.io-index"
checksum = "991431c3519a3f36861882da93630ce66b52918dcf1b8e2fd66b397fc96f28df"
dependencies = [
 "proc-macro2",
]

[[package]]
name = "rChat"
version = "0.1.0"
dependencies = [
 "actix",
 "actix-rt",
 "actix_derive 0.5.0",
 "async-stream",
 "byteorder",
 "bytes",
 "rand",
 "serde",
 "serde_cbor",
 "serde_json",
 "tokio",
 "tokio-util",
]

[[package]]
name = "rand"
version = "0.8.3"
source = "registry+https://github.com/rust-lang/crates.io-index"
checksum = "0ef9e7e66b4468674bfcb0c81af8b7fa0bb154fa9f28eb840da5c447baeb8d7e"
dependencies = [
 "libc",
 "rand_chacha",
 "rand_core",
 "rand_hc",
]

[[package]]
name = "rand_chacha"
version = "0.3.0"
source = "registry+https://github.com/rust-lang/crates.io-index"
checksum = "e12735cf05c9e10bf21534da50a147b924d555dc7a547c42e6bb2d5b6017ae0d"
dependencies = [
 "ppv-lite86",
 "rand_core",
]

[[package]]
name = "rand_core"
version = "0.6.1"
source = "registry+https://github.com/rust-lang/crates.io-index"
checksum = "c026d7df8b298d90ccbbc5190bd04d85e159eaf5576caeacf8741da93ccbd2e5"
dependencies = [
 "getrandom",
]

[[package]]
name = "rand_hc"
version = "0.3.0"
source = "registry+https://github.com/rust-lang/crates.io-index"
checksum = "3190ef7066a446f2e7f42e239d161e905420ccab01eb967c9eb27d21b2322a73"
dependencies = [
 "rand_core",
]

[[package]]
name = "redox_syscall"
version = "0.1.57"
source = "registry+https://github.com/rust-lang/crates.io-index"
checksum = "41cc0f7e4d5d4544e8861606a285bb08d3e70712ccc7d2b84d7c0ccfaf4b05ce"

[[package]]
name = "ryu"
version = "1.0.5"
source = "registry+https://github.com/rust-lang/crates.io-index"
checksum = "71d301d4193d031abdd79ff7e3dd721168a9572ef3fe51a1517aba235bd8f86e"

[[package]]
name = "scopeguard"
version = "1.1.0"
source = "registry+https://github.com/rust-lang/crates.io-index"
checksum = "d29ab0c6d3fc0ee92fe66e2d99f700eab17a8d57d1c1d3b748380fb20baa78cd"

[[package]]
name = "serde"
version = "1.0.123"
source = "registry+https://github.com/rust-lang/crates.io-index"
checksum = "92d5161132722baa40d802cc70b15262b98258453e85e5d1d365c757c73869ae"
dependencies = [
 "serde_derive",
]

[[package]]
name = "serde_cbor"
version = "0.10.2"
source = "registry+https://github.com/rust-lang/crates.io-index"
checksum = "f7081ed758ec726a6ed8ee7e92f5d3f6e6f8c3901b1f972e3a4a2f2599fad14f"
dependencies = [
 "byteorder",
 "half",
 "serde",
]

[[package]]
name = "serde_derive"
version = "1.0.123"
source = "registry+https://github.com/rust-lang/crates.io-index"
checksum = "9391c295d64fc0abb2c556bad848f33cb8296276b1ad2677d1ae1ace4f258f31"
dependencies = [
 "proc-macro2",
 "quote",
 "syn",
]

[[package]]
name = "serde_json"
version = "1.0.62"
source = "registry+https://github.com/rust-lang/crates.io-index"
checksum = "ea1c6153794552ea7cf7cf63b1231a25de00ec90db326ba6264440fa08e31486"
dependencies = [
 "itoa",
 "ryu",
 "serde",
]

[[package]]
name = "signal-hook-registry"
version = "1.3.0"
source = "registry+https://github.com/rust-lang/crates.io-index"
checksum = "16f1d0fef1604ba8f7a073c7e701f213e056707210e9020af4528e0101ce11a6"
dependencies = [
 "libc",
]

[[package]]
name = "smallvec"
version = "1.6.1"
source = "registry+https://github.com/rust-lang/crates.io-index"
checksum = "fe0f37c9e8f3c5a4a66ad655a93c74daac4ad00c441533bf5c6e7990bb42604e"

[[package]]
name = "socket2"
version = "0.3.19"
source = "registry+https://github.com/rust-lang/crates.io-index"
checksum = "122e570113d28d773067fab24266b66753f6ea915758651696b6e35e49f88d6e"
dependencies = [
 "cfg-if",
 "libc",
 "winapi",
]

[[package]]
name = "syn"
version = "1.0.60"
source = "registry+https://github.com/rust-lang/crates.io-index"
checksum = "c700597eca8a5a762beb35753ef6b94df201c81cca676604f547495a0d7f0081"
dependencies = [
 "proc-macro2",
 "quote",
 "unicode-xid",
]

[[package]]
name = "tokio"
version = "1.2.0"
source = "registry+https://github.com/rust-lang/crates.io-index"
checksum = "e8190d04c665ea9e6b6a0dc45523ade572c088d2e6566244c1122671dbf4ae3a"
dependencies = [
 "autocfg",
 "bytes",
 "libc",
 "memchr",
 "mio",
 "once_cell",
 "parking_lot",
 "pin-project-lite",
 "signal-hook-registry",
 "winapi",
]

[[package]]
name = "tokio-util"
version = "0.6.3"
source = "registry+https://github.com/rust-lang/crates.io-index"
checksum = "ebb7cb2f00c5ae8df755b252306272cd1790d39728363936e01827e11f0b017b"
dependencies = [
 "bytes",
 "futures-core",
 "futures-sink",
 "log",
 "pin-project-lite",
 "tokio",
]

[[package]]
name = "unicode-xid"
version = "0.2.1"
source = "registry+https://github.com/rust-lang/crates.io-index"
checksum = "f7fe0bb3479651439c9112f72b6c505038574c9fbb575ed1bf3b797fa39dd564"

[[package]]
name = "wasi"
version = "0.10.2+wasi-snapshot-preview1"
source = "registry+https://github.com/rust-lang/crates.io-index"
checksum = "fd6fbd9a79829dd1ad0cc20627bf1ed606756a7f77edff7b66b7064f9cb327c6"

[[package]]
name = "winapi"
version = "0.3.9"
source = "registry+https://github.com/rust-lang/crates.io-index"
checksum = "5c839a674fcd7a98952e593242ea400abe93992746761e38641405d28b00f419"
dependencies = [
 "winapi-i686-pc-windows-gnu",
 "winapi-x86_64-pc-windows-gnu",
]

[[package]]
name = "winapi-i686-pc-windows-gnu"
version = "0.4.0"
source = "registry+https://github.com/rust-lang/crates.io-index"
checksum = "ac3b87c63620426dd9b991e5ce0329eff545bccbbb34f3be09ff6fb6ab51b7b6"

[[package]]
name = "winapi-x86_64-pc-windows-gnu"
version = "0.4.0"
source = "registry+https://github.com/rust-lang/crates.io-index"
checksum = "712e227841d057c1ee1cd2fb22fa7e5a5461ae8e48fa2ca79ec42cfc1931183f"
